
Microsoft Visual Studio Solution File, Format Version 12.00
# Visual Studio Version 17
VisualStudioVersion = 17.8.34330.188
MinimumVisualStudioVersion = 10.0.40219.1
Project("{FAE04EC0-301F-11D3-BF4B-00C04F79EFBC}") = "NewHMS", "NewHMS\NewHMS.csproj", "{25DFF56A-ABBD-4BAD-834D-ACD45F28C000}"
EndProject
Global
	GlobalSection(SolutionConfigurationPlatforms) = preSolution
		Debug|Any CPU = Debug|Any CPU
		Release|Any CPU = Release|Any CPU
	EndGlobalSection
	GlobalSection(ProjectConfigurationPlatforms) = postSolution
		{25DFF56A-ABBD-4BAD-834D-ACD45F28C000}.Debug|Any CPU.ActiveCfg = Debug|Any CPU
		{25DFF56A-ABBD-4BAD-834D-ACD45F28C000}.Debug|Any CPU.Build.0 = Debug|Any CPU
		{25DFF56A-ABBD-4BAD-834D-ACD45F28C000}.Release|Any CPU.ActiveCfg = Release|Any CPU
		{25DFF56A-ABBD-4BAD-834D-ACD45F28C000}.Release|Any CPU.Build.0 = Release|Any CPU
	EndGlobalSection
	GlobalSection(SolutionProperties) = preSolution
		HideSolutionNode = FALSE
	EndGlobalSection
	GlobalSection(ExtensibilityGlobals) = postSolution
		SolutionGuid = {CCADAF93-A0CD-4005-A430-D7AD949CD112}
	EndGlobalSection
EndGlobal
